
Microsoft Visual Studio Solution File, Format Version 12.00
# Visual Studio 15
VisualStudioVersion = 15.0.27703.2042
MinimumVisualStudioVersion = 10.0.40219.1
Project("{2150E333-8FDC-42A3-9474-1A3956D46DE8}") = "1 - UI", "1 - UI", "{CA41B8C7-F8C0-49D6-A9CA-91D21322DEC1}"
EndProject
Project("{2150E333-8FDC-42A3-9474-1A3956D46DE8}") = "2 - Domain", "2 - Domain", "{0B4151A4-A2DC-4D5D-93AB-41F689DFA648}"
EndProject
Project("{2150E333-8FDC-42A3-9474-1A3956D46DE8}") = "3 - Infra", "3 - Infra", "{E3D433BF-8721-4560-BBD0-5379C66D135C}"
EndProject
Project("{2150E333-8FDC-42A3-9474-1A3956D46DE8}") = "4 - Data", "4 - Data", "{3219E16C-9868-489A-B3F8-51675EE4765D}"
EndProject
Project("{9A19103F-16F7-4668-BE54-9A1E7A4F7556}") = "DDD.Domain.Core", "src\Domain\DDD.Domain.Core\DDD.Domain.Core.csproj", "{6B4C321E-2434-4988-A96A-DAC4BEE1B8BB}"
EndProject
Project("{9A19103F-16F7-4668-BE54-9A1E7A4F7556}") = "DDD.Domain.Questionario", "src\Domain\DDD.Domain.Questionario\DDD.Domain.Questionario.csproj", "{A59CCF9F-4EB3-4F25-9397-8FD38B338564}"
EndProject
Project("{2150E333-8FDC-42A3-9474-1A3956D46DE8}") = "3.1 - Base", "3.1 - Base", "{8A97E03E-A32D-4DB6-AC94-BA3AFE1AD8D7}"
EndProject
Project("{2150E333-8FDC-42A3-9474-1A3956D46DE8}") = "3.2 - Cross", "3.2 - Cross", "{4A27C5F3-5393-4362-BF88-A5F5B010809F}"
EndProject
Project("{9A19103F-16F7-4668-BE54-9A1E7A4F7556}") = "DDD.Infra.Base.Data.EF", "src\Infra\Base\DDD.Infra.Base.Data.EF\DDD.Infra.Base.Data.EF.csproj", "{4926ACF5-6CEA-4A5F-BCF6-35CE4ED9067A}"
EndProject
Project("{9A19103F-16F7-4668-BE54-9A1E7A4F7556}") = "DDD.Infra.Cross.Ioc", "src\Infra\Cross\DDD.Infra.Cross.Ioc\DDD.Infra.Cross.Ioc.csproj", "{8FDF067A-6D9B-4968-9CEC-D5B6C2338EA0}"
EndProject
Project("{9A19103F-16F7-4668-BE54-9A1E7A4F7556}") = "DDD.Infra.Cross.AspNetMvc", "src\Infra\Cross\DDD.Infra.Cross.AspNetMvc\DDD.Infra.Cross.AspNetMvc.csproj", "{85C9D825-349B-4640-AB8A-FA8CE90068EA}"
EndProject
Project("{9A19103F-16F7-4668-BE54-9A1E7A4F7556}") = "DDD.Infra.Cross.Common", "src\Infra\Cross\DDD.Infra.Cross.Common\DDD.Infra.Cross.Common.csproj", "{BFEEC214-387E-4C09-93A3-45969AC6A32C}"
EndProject
Project("{9A19103F-16F7-4668-BE54-9A1E7A4F7556}") = "DDD.Infra.Cross.DomainDriver", "src\Infra\Cross\DDD.Infra.Cross.DomainDriver\DDD.Infra.Cross.DomainDriver.csproj", "{87271B25-6EB9-4F77-B6A2-AA04D3689D20}"
EndProject
Project("{9A19103F-16F7-4668-BE54-9A1E7A4F7556}") = "DDD.Infra.Cross.DomainDriver.Mvc", "src\Infra\Cross\DDD.Infra.Cross.DomainDriver.Mvc\DDD.Infra.Cross.DomainDriver.Mvc.csproj", "{708202C9-B8E6-4E4C-8DA4-89B9A57157F0}"
EndProject
Project("{9A19103F-16F7-4668-BE54-9A1E7A4F7556}") = "DDD.Infra.Cross.Identity", "src\Infra\Cross\DDD.Infra.Cross.Identity\DDD.Infra.Cross.Identity.csproj", "{76B1429E-B2DE-46C7-8CBF-CE31167710C5}"
EndProject
Project("{9A19103F-16F7-4668-BE54-9A1E7A4F7556}") = "DDD.Data.Questionario", "src\Data\DDD.Data.Questionario\DDD.Data.Questionario.csproj", "{B3974E31-1882-4A88-BEC1-250C99E74386}"
EndProject
Global
	GlobalSection(SolutionConfigurationPlatforms) = preSolution
		Debug|Any CPU = Debug|Any CPU
		Release|Any CPU = Release|Any CPU
	EndGlobalSection
	GlobalSection(ProjectConfigurationPlatforms) = postSolution
		{6B4C321E-2434-4988-A96A-DAC4BEE1B8BB}.Debug|Any CPU.ActiveCfg = Debug|Any CPU
		{6B4C321E-2434-4988-A96A-DAC4BEE1B8BB}.Debug|Any CPU.Build.0 = Debug|Any CPU
		{6B4C321E-2434-4988-A96A-DAC4BEE1B8BB}.Release|Any CPU.ActiveCfg = Release|Any CPU
		{6B4C321E-2434-4988-A96A-DAC4BEE1B8BB}.Release|Any CPU.Build.0 = Release|Any CPU
		{A59CCF9F-4EB3-4F25-9397-8FD38B338564}.Debug|Any CPU.ActiveCfg = Debug|Any CPU
		{A59CCF9F-4EB3-4F25-9397-8FD38B338564}.Debug|Any CPU.Build.0 = Debug|Any CPU
		{A59CCF9F-4EB3-4F25-9397-8FD38B338564}.Release|Any CPU.ActiveCfg = Release|Any CPU
		{A59CCF9F-4EB3-4F25-9397-8FD38B338564}.Release|Any CPU.Build.0 = Release|Any CPU
		{4926ACF5-6CEA-4A5F-BCF6-35CE4ED9067A}.Debug|Any CPU.ActiveCfg = Debug|Any CPU
		{4926ACF5-6CEA-4A5F-BCF6-35CE4ED9067A}.Debug|Any CPU.Build.0 = Debug|Any CPU
		{4926ACF5-6CEA-4A5F-BCF6-35CE4ED9067A}.Release|Any CPU.ActiveCfg = Release|Any CPU
		{4926ACF5-6CEA-4A5F-BCF6-35CE4ED9067A}.Release|Any CPU.Build.0 = Release|Any CPU
		{8FDF067A-6D9B-4968-9CEC-D5B6C2338EA0}.Debug|Any CPU.ActiveCfg = Debug|Any CPU
		{8FDF067A-6D9B-4968-9CEC-D5B6C2338EA0}.Debug|Any CPU.Build.0 = Debug|Any CPU
		{8FDF067A-6D9B-4968-9CEC-D5B6C2338EA0}.Release|Any CPU.ActiveCfg = Release|Any CPU
		{8FDF067A-6D9B-4968-9CEC-D5B6C2338EA0}.Release|Any CPU.Build.0 = Release|Any CPU
		{85C9D825-349B-4640-AB8A-FA8CE90068EA}.Debug|Any CPU.ActiveCfg = Debug|Any CPU
		{85C9D825-349B-4640-AB8A-FA8CE90068EA}.Debug|Any CPU.Build.0 = Debug|Any CPU
		{85C9D825-349B-4640-AB8A-FA8CE90068EA}.Release|Any CPU.ActiveCfg = Release|Any CPU
		{85C9D825-349B-4640-AB8A-FA8CE90068EA}.Release|Any CPU.Build.0 = Release|Any CPU
		{BFEEC214-387E-4C09-93A3-45969AC6A32C}.Debug|Any CPU.ActiveCfg = Debug|Any CPU
		{BFEEC214-387E-4C09-93A3-45969AC6A32C}.Debug|Any CPU.Build.0 = Debug|Any CPU
		{BFEEC214-387E-4C09-93A3-45969AC6A32C}.Release|Any CPU.ActiveCfg = Release|Any CPU
		{BFEEC214-387E-4C09-93A3-45969AC6A32C}.Release|Any CPU.Build.0 = Release|Any CPU
		{87271B25-6EB9-4F77-B6A2-AA04D3689D20}.Debug|Any CPU.ActiveCfg = Debug|Any CPU
		{87271B25-6EB9-4F77-B6A2-AA04D3689D20}.Debug|Any CPU.Build.0 = Debug|Any CPU
		{87271B25-6EB9-4F77-B6A2-AA04D3689D20}.Release|Any CPU.ActiveCfg = Release|Any CPU
		{87271B25-6EB9-4F77-B6A2-AA04D3689D20}.Release|Any CPU.Build.0 = Release|Any CPU
		{708202C9-B8E6-4E4C-8DA4-89B9A57157F0}.Debug|Any CPU.ActiveCfg = Debug|Any CPU
		{708202C9-B8E6-4E4C-8DA4-89B9A57157F0}.Debug|Any CPU.Build.0 = Debug|Any CPU
		{708202C9-B8E6-4E4C-8DA4-89B9A57157F0}.Release|Any CPU.ActiveCfg = Release|Any CPU
		{708202C9-B8E6-4E4C-8DA4-89B9A57157F0}.Release|Any CPU.Build.0 = Release|Any CPU
		{76B1429E-B2DE-46C7-8CBF-CE31167710C5}.Debug|Any CPU.ActiveCfg = Debug|Any CPU
		{76B1429E-B2DE-46C7-8CBF-CE31167710C5}.Debug|Any CPU.Build.0 = Debug|Any CPU
		{76B1429E-B2DE-46C7-8CBF-CE31167710C5}.Release|Any CPU.ActiveCfg = Release|Any CPU
		{76B1429E-B2DE-46C7-8CBF-CE31167710C5}.Release|Any CPU.Build.0 = Release|Any CPU
		{B3974E31-1882-4A88-BEC1-250C99E74386}.Debug|Any CPU.ActiveCfg = Debug|Any CPU
		{B3974E31-1882-4A88-BEC1-250C99E74386}.Debug|Any CPU.Build.0 = Debug|Any CPU
		{B3974E31-1882-4A88-BEC1-250C99E74386}.Release|Any CPU.ActiveCfg = Release|Any CPU
		{B3974E31-1882-4A88-BEC1-250C99E74386}.Release|Any CPU.Build.0 = Release|Any CPU
	EndGlobalSection
	GlobalSection(SolutionProperties) = preSolution
		HideSolutionNode = FALSE
	EndGlobalSection
	GlobalSection(NestedProjects) = preSolution
		{6B4C321E-2434-4988-A96A-DAC4BEE1B8BB} = {0B4151A4-A2DC-4D5D-93AB-41F689DFA648}
		{A59CCF9F-4EB3-4F25-9397-8FD38B338564} = {0B4151A4-A2DC-4D5D-93AB-41F689DFA648}
		{8A97E03E-A32D-4DB6-AC94-BA3AFE1AD8D7} = {E3D433BF-8721-4560-BBD0-5379C66D135C}
		{4A27C5F3-5393-4362-BF88-A5F5B010809F} = {E3D433BF-8721-4560-BBD0-5379C66D135C}
		{4926ACF5-6CEA-4A5F-BCF6-35CE4ED9067A} = {8A97E03E-A32D-4DB6-AC94-BA3AFE1AD8D7}
		{8FDF067A-6D9B-4968-9CEC-D5B6C2338EA0} = {4A27C5F3-5393-4362-BF88-A5F5B010809F}
		{85C9D825-349B-4640-AB8A-FA8CE90068EA} = {4A27C5F3-5393-4362-BF88-A5F5B010809F}
		{BFEEC214-387E-4C09-93A3-45969AC6A32C} = {4A27C5F3-5393-4362-BF88-A5F5B010809F}
		{87271B25-6EB9-4F77-B6A2-AA04D3689D20} = {4A27C5F3-5393-4362-BF88-A5F5B010809F}
		{708202C9-B8E6-4E4C-8DA4-89B9A57157F0} = {4A27C5F3-5393-4362-BF88-A5F5B010809F}
		{76B1429E-B2DE-46C7-8CBF-CE31167710C5} = {4A27C5F3-5393-4362-BF88-A5F5B010809F}
		{B3974E31-1882-4A88-BEC1-250C99E74386} = {3219E16C-9868-489A-B3F8-51675EE4765D}
	EndGlobalSection
	GlobalSection(ExtensibilityGlobals) = postSolution
		SolutionGuid = {46C0C30F-A3D2-4797-89B3-E820CE60F281}
	EndGlobalSection
EndGlobal
